{
    "_meta": {
        "hash": {
            "sha256": "438ba0cfb2a993ee8cfbb17ee93eac2f5fce5f6b334dc8c8f7c86c1a39c78bf3"
        },
        "host-environment-markers": {
            "implementation_name": "cpython",
            "implementation_version": "3.6.3",
            "os_name": "posix",
            "platform_machine": "x86_64",
            "platform_python_implementation": "CPython",
            "platform_release": "18.5.0",
            "platform_system": "Darwin",
            "platform_version": "Darwin Kernel Version 18.5.0: Mon Mar 11 20:40:32 PDT 2019; root:xnu-4903.251.3~3/RELEASE_X86_64",
            "python_full_version": "3.6.3",
            "python_version": "3.6",
            "sys_platform": "darwin"
        },
        "pipfile-spec": 6,
        "requires": {
            "python_version": "3.6"
        },
        "sources": [
            {
                "name": "pypi",
                "url": "https://pypi.org/simple",
                "verify_ssl": true
            }
        ]
    },
    "default": {
        "amqp": {
            "hashes": [],
            "version": "==2.4.2"
        },
        "appdirs": {
            "hashes": [],
            "version": "==1.4.3"
        },
        "astroid": {
            "hashes": [],
            "version": "==1.5.2"
        },
        "billiard": {
            "hashes": [],
            "version": "==3.6.0.0"
        },
        "celery": {
            "hashes": [],
            "version": "==4.3.0"
        },
        "click": {
            "hashes": [],
            "version": "==7.0"
        },
        "dominate": {
            "hashes": [],
            "version": "==2.3.5"
        },
        "flask": {
            "hashes": [],
            "version": "==1.0.2"
        },
        "flask-bootstrap": {
            "hashes": [],
            "version": "==3.3.7.1"
        },
        "flask-wtf": {
            "hashes": [],
            "version": "==0.14.2"
        },
        "gunicorn": {
            "hashes": [],
            "version": "==19.9.0"
        },
        "isort": {
            "hashes": [],
            "version": "==4.2.5"
        },
        "itsdangerous": {
            "hashes": [],
            "version": "==1.1.0"
        },
        "jinja2": {
            "hashes": [],
            "version": "==2.10.1"
        },
        "kombu": {
            "hashes": [],
            "version": "==4.5.0"
        },
        "lazy-object-proxy": {
            "hashes": [],
            "version": "==1.2.2"
        },
        "markupsafe": {
            "hashes": [],
            "version": "==1.1.1"
        },
        "mccabe": {
            "hashes": [],
            "version": "==0.6.1"
        },
        "pylint": {
            "hashes": [],
            "version": "==1.7.1"
        },
        "pyparsing": {
            "hashes": [],
            "version": "==2.2.0"
        },
        "pytz": {
            "hashes": [],
            "version": "==2019.1"
        },
        "redis": {
            "hashes": [],
            "version": "==3.2.1"
        },
        "rq": {
            "hashes": [],
            "version": "==1.0"
        },
        "sh": {
            "hashes": [],
            "version": "==1.12.14"
        },
        "six": {
            "hashes": [],
            "version": "==1.10.0"
        },
        "vine": {
            "hashes": [],
            "version": "==5.0.0a1"
        },
        "visitor": {
            "hashes": [],
            "version": "==0.1.3"
        },
        "werkzeug": {
            "hashes": [],
            "version": "==0.15.2"
        },
        "wrapt": {
            "hashes": [],
            "version": "==1.10.10"
        },
        "wtforms": {
            "hashes": [],
            "version": "==2.2.1"
        }
    },
    "develop": {
        "appdirs": {
            "hashes": [],
            "version": "==1.4.3"
        },
        "appnope": {
            "hashes": [],
            "markers": "sys_platform == 'darwin'",
            "version": "==0.1.0"
        },
        "astroid": {
            "hashes": [],
            "version": "==2.2.5"
        },
        "attrs": {
            "hashes": [],
            "version": "==19.1.0"
        },
        "backcall": {
            "hashes": [],
            "version": "==0.1.0"
        },
        "black": {
            "hashes": [],
            "version": "==19.3b0"
        },
        "click": {
            "hashes": [],
            "version": "==7.0"
        },
        "decorator": {
            "hashes": [],
            "version": "==4.4.0"
        },
        "ipython": {
            "hashes": [],
            "version": "==7.5.0"
        },
        "ipython-genutils": {
            "hashes": [],
            "version": "==0.2.0"
        },
        "isort": {
            "hashes": [],
            "version": "==4.3.18"
        },
        "jedi": {
            "hashes": [],
            "version": "==0.13.3"
        },
        "lazy-object-proxy": {
            "hashes": [],
            "version": "==1.3.1"
        },
        "mccabe": {
            "hashes": [],
            "version": "==0.6.1"
        },
        "parso": {
            "hashes": [],
            "version": "==0.4.0"
        },
        "pexpect": {
            "hashes": [],
            "markers": "sys_platform != 'win32'",
            "version": "==4.7.0"
        },
        "pickleshare": {
            "hashes": [],
            "version": "==0.7.5"
        },
        "prompt-toolkit": {
            "hashes": [],
            "version": "==2.0.9"
        },
        "ptyprocess": {
            "hashes": [],
            "version": "==0.6.0"
        },
        "pygments": {
            "hashes": [],
            "version": "==2.3.1"
        },
        "pylint": {
            "hashes": [],
            "version": "==2.3.1"
        },
        "six": {
            "hashes": [],
            "version": "==1.12.0"
        },
        "toml": {
            "hashes": [],
            "version": "==0.10.0"
        },
        "traitlets": {
            "hashes": [],
            "version": "==4.3.2"
        },
        "typed-ast": {
            "hashes": [],
            "markers": "implementation_name == 'cpython'",
            "version": "==1.3.5"
        },
        "wcwidth": {
            "hashes": [],
            "version": "==0.1.7"
        },
        "wrapt": {
            "hashes": [],
            "version": "==1.11.1"
        }
    }
}
